
Microsoft Visual Studio Solution File, Format Version 12.00
# Visual Studio 2012
Project("{FAE04EC0-301F-11D3-BF4B-00C04F79EFBC}") = "02. ReverseString", "02. ReverseString\02. ReverseString.csproj", "{80025ABC-DF9C-4DF0-B2DA-56BD7A35FAF7}"
EndProject
Project("{FAE04EC0-301F-11D3-BF4B-00C04F79EFBC}") = "03. CheckCorrectBrackets", "03. CheckCorrectBrackets\03. CheckCorrectBrackets.csproj", "{64CC9B9A-D0EE-4CD6-AC5B-FE6BCADE44F5}"
EndProject
Project("{FAE04EC0-301F-11D3-BF4B-00C04F79EFBC}") = "04. SubstringContain", "04. SubstringContain\04. SubstringContain.csproj", "{3346C13F-4984-44A2-80AB-1727B7808B0B}"
EndProject
Project("{FAE04EC0-301F-11D3-BF4B-00C04F79EFBC}") = "05. ChangeToUppercase", "05. ChangeToUppercase\05. ChangeToUppercase.csproj", "{2E44C356-DC69-4C24-A35C-6F31BE046213}"
EndProject
Project("{FAE04EC0-301F-11D3-BF4B-00C04F79EFBC}") = "06. FilledWithAsterisk", "06. FilledWithAsterisk\06. FilledWithAsterisk.csproj", "{25E3C230-BA39-4933-84D8-A8AE0A66D6BE}"
EndProject
Project("{FAE04EC0-301F-11D3-BF4B-00C04F79EFBC}") = "07. EncodeAndDecode", "07. EncodeAndDecode\07. EncodeAndDecode.csproj", "{90722739-C16F-498F-8E98-9D0F2F48AF53}"
EndProject
Project("{FAE04EC0-301F-11D3-BF4B-00C04F79EFBC}") = "08. ExtractSentenceByGivenWord", "08. ExtractSentenceByGivenWord\08. ExtractSentenceByGivenWord.csproj", "{087CD2EC-98AA-4F25-BAE8-FE4CF8AF16C1}"
EndProject
Project("{FAE04EC0-301F-11D3-BF4B-00C04F79EFBC}") = "09. ReplaceWordWithAsterisks", "09. ReplaceWordWithAsterisks\09. ReplaceWordWithAsterisks.csproj", "{8C8613FE-CB5C-4296-8CAD-A6CFE0C6BEF8}"
EndProject
Project("{FAE04EC0-301F-11D3-BF4B-00C04F79EFBC}") = "10. ConvertStringToUnicodeChar", "10. ConvertStringToUnicodeChar\10. ConvertStringToUnicodeChar.csproj", "{7B8CE508-8B88-41B1-9E11-F8BDDC61137E}"
EndProject
Project("{FAE04EC0-301F-11D3-BF4B-00C04F79EFBC}") = "11. NumInDecaHexaPercentScient", "11. NumInDecaHexaPercentScient\11. NumInDecaHexaPercentScient.csproj", "{7AA20804-676E-490B-A058-25AA3225F078}"
EndProject
Project("{FAE04EC0-301F-11D3-BF4B-00C04F79EFBC}") = "12. ParseAnURL-address", "12. ParseAnURL-address\12. ParseAnURL-address.csproj", "{3E4D0E62-49BC-4F91-8717-23143148EDDB}"
EndProject
Project("{FAE04EC0-301F-11D3-BF4B-00C04F79EFBC}") = "13. ReverseWords", "13. ReverseWords\13. ReverseWords.csproj", "{2D508696-EB64-4168-885A-E0EA96BBD148}"
EndProject
Project("{FAE04EC0-301F-11D3-BF4B-00C04F79EFBC}") = "14. Word-Description", "14. Word-Description\14. Word-Description.csproj", "{A73129AF-E7F1-43C3-82D0-AA580CB5D5CB}"
EndProject
Project("{FAE04EC0-301F-11D3-BF4B-00C04F79EFBC}") = "15. ReplaceHTMLtags", "15. ReplaceHTMLtags\15. ReplaceHTMLtags.csproj", "{D5A650EE-032F-4EAB-A191-B14819538519}"
EndProject
Project("{FAE04EC0-301F-11D3-BF4B-00C04F79EFBC}") = "16. CalcDaysBetweenDates", "16. CalcDaysBetweenDates\16. CalcDaysBetweenDates.csproj", "{E83D1CCA-7748-4B39-9FCD-CDCA6A3A057B}"
EndProject
Project("{FAE04EC0-301F-11D3-BF4B-00C04F79EFBC}") = "17. DateAndTimeAfter", "17. DateAndTimeAfter\17. DateAndTimeAfter.csproj", "{7716DF7B-0986-4A2A-A20B-6B703E2825DB}"
EndProject
Project("{FAE04EC0-301F-11D3-BF4B-00C04F79EFBC}") = "18. ExtractEmailAddresses", "18. ExtractEmailAddresses\18. ExtractEmailAddresses.csproj", "{98D1B1EC-BCB6-4615-B274-5FFE3A2388B5}"
EndProject
Project("{FAE04EC0-301F-11D3-BF4B-00C04F79EFBC}") = "20. Palindromes", "20. Palindromes\20. Palindromes.csproj", "{AD9504A4-9AC9-4FDD-9170-43DD7C6376DF}"
EndProject
Project("{FAE04EC0-301F-11D3-BF4B-00C04F79EFBC}") = "21. DifferentLettersInString", "21. DifferentLettersInString\21. DifferentLettersInString.csproj", "{277A92CB-5EBF-4B46-931A-45164D22216E}"
EndProject
Project("{FAE04EC0-301F-11D3-BF4B-00C04F79EFBC}") = "22. DifferentWordsInString", "22. DifferentWordsInString\22. DifferentWordsInString.csproj", "{7358BF8D-9D4E-4DC4-A6AF-FF728DACF4D4}"
EndProject
Project("{FAE04EC0-301F-11D3-BF4B-00C04F79EFBC}") = "23. ReplaceConsecutiveLetters", "23. ReplaceConsecutiveLetters\23. ReplaceConsecutiveLetters.csproj", "{2FAC2B72-FE3E-43FC-9298-091B2305482F}"
EndProject
Project("{FAE04EC0-301F-11D3-BF4B-00C04F79EFBC}") = "24. AlphabeticalOrderWords", "24. AlphabeticalOrderWords\24. AlphabeticalOrderWords.csproj", "{A57BB5FC-EF89-4300-AFFE-76A99F453546}"
EndProject
Global
	GlobalSection(SolutionConfigurationPlatforms) = preSolution
		Debug|Any CPU = Debug|Any CPU
		Release|Any CPU = Release|Any CPU
	EndGlobalSection
	GlobalSection(ProjectConfigurationPlatforms) = postSolution
		{80025ABC-DF9C-4DF0-B2DA-56BD7A35FAF7}.Debug|Any CPU.ActiveCfg = Debug|Any CPU
		{80025ABC-DF9C-4DF0-B2DA-56BD7A35FAF7}.Debug|Any CPU.Build.0 = Debug|Any CPU
		{80025ABC-DF9C-4DF0-B2DA-56BD7A35FAF7}.Release|Any CPU.ActiveCfg = Release|Any CPU
		{80025ABC-DF9C-4DF0-B2DA-56BD7A35FAF7}.Release|Any CPU.Build.0 = Release|Any CPU
		{64CC9B9A-D0EE-4CD6-AC5B-FE6BCADE44F5}.Debug|Any CPU.ActiveCfg = Debug|Any CPU
		{64CC9B9A-D0EE-4CD6-AC5B-FE6BCADE44F5}.Debug|Any CPU.Build.0 = Debug|Any CPU
		{64CC9B9A-D0EE-4CD6-AC5B-FE6BCADE44F5}.Release|Any CPU.ActiveCfg = Release|Any CPU
		{64CC9B9A-D0EE-4CD6-AC5B-FE6BCADE44F5}.Release|Any CPU.Build.0 = Release|Any CPU
		{3346C13F-4984-44A2-80AB-1727B7808B0B}.Debug|Any CPU.ActiveCfg = Debug|Any CPU
		{3346C13F-4984-44A2-80AB-1727B7808B0B}.Debug|Any CPU.Build.0 = Debug|Any CPU
		{3346C13F-4984-44A2-80AB-1727B7808B0B}.Release|Any CPU.ActiveCfg = Release|Any CPU
		{3346C13F-4984-44A2-80AB-1727B7808B0B}.Release|Any CPU.Build.0 = Release|Any CPU
		{2E44C356-DC69-4C24-A35C-6F31BE046213}.Debug|Any CPU.ActiveCfg = Debug|Any CPU
		{2E44C356-DC69-4C24-A35C-6F31BE046213}.Debug|Any CPU.Build.0 = Debug|Any CPU
		{2E44C356-DC69-4C24-A35C-6F31BE046213}.Release|Any CPU.ActiveCfg = Release|Any CPU
		{2E44C356-DC69-4C24-A35C-6F31BE046213}.Release|Any CPU.Build.0 = Release|Any CPU
		{25E3C230-BA39-4933-84D8-A8AE0A66D6BE}.Debug|Any CPU.ActiveCfg = Debug|Any CPU
		{25E3C230-BA39-4933-84D8-A8AE0A66D6BE}.Debug|Any CPU.Build.0 = Debug|Any CPU
		{25E3C230-BA39-4933-84D8-A8AE0A66D6BE}.Release|Any CPU.ActiveCfg = Release|Any CPU
		{25E3C230-BA39-4933-84D8-A8AE0A66D6BE}.Release|Any CPU.Build.0 = Release|Any CPU
		{90722739-C16F-498F-8E98-9D0F2F48AF53}.Debug|Any CPU.ActiveCfg = Debug|Any CPU
		{90722739-C16F-498F-8E98-9D0F2F48AF53}.Debug|Any CPU.Build.0 = Debug|Any CPU
		{90722739-C16F-498F-8E98-9D0F2F48AF53}.Release|Any CPU.ActiveCfg = Release|Any CPU
		{90722739-C16F-498F-8E98-9D0F2F48AF53}.Release|Any CPU.Build.0 = Release|Any CPU
		{087CD2EC-98AA-4F25-BAE8-FE4CF8AF16C1}.Debug|Any CPU.ActiveCfg = Debug|Any CPU
		{087CD2EC-98AA-4F25-BAE8-FE4CF8AF16C1}.Debug|Any CPU.Build.0 = Debug|Any CPU
		{087CD2EC-98AA-4F25-BAE8-FE4CF8AF16C1}.Release|Any CPU.ActiveCfg = Release|Any CPU
		{087CD2EC-98AA-4F25-BAE8-FE4CF8AF16C1}.Release|Any CPU.Build.0 = Release|Any CPU
		{8C8613FE-CB5C-4296-8CAD-A6CFE0C6BEF8}.Debug|Any CPU.ActiveCfg = Debug|Any CPU
		{8C8613FE-CB5C-4296-8CAD-A6CFE0C6BEF8}.Debug|Any CPU.Build.0 = Debug|Any CPU
		{8C8613FE-CB5C-4296-8CAD-A6CFE0C6BEF8}.Release|Any CPU.ActiveCfg = Release|Any CPU
		{8C8613FE-CB5C-4296-8CAD-A6CFE0C6BEF8}.Release|Any CPU.Build.0 = Release|Any CPU
		{7B8CE508-8B88-41B1-9E11-F8BDDC61137E}.Debug|Any CPU.ActiveCfg = Debug|Any CPU
		{7B8CE508-8B88-41B1-9E11-F8BDDC61137E}.Debug|Any CPU.Build.0 = Debug|Any CPU
		{7B8CE508-8B88-41B1-9E11-F8BDDC61137E}.Release|Any CPU.ActiveCfg = Release|Any CPU
		{7B8CE508-8B88-41B1-9E11-F8BDDC61137E}.Release|Any CPU.Build.0 = Release|Any CPU
		{7AA20804-676E-490B-A058-25AA3225F078}.Debug|Any CPU.ActiveCfg = Debug|Any CPU
		{7AA20804-676E-490B-A058-25AA3225F078}.Debug|Any CPU.Build.0 = Debug|Any CPU
		{7AA20804-676E-490B-A058-25AA3225F078}.Release|Any CPU.ActiveCfg = Release|Any CPU
		{7AA20804-676E-490B-A058-25AA3225F078}.Release|Any CPU.Build.0 = Release|Any CPU
		{3E4D0E62-49BC-4F91-8717-23143148EDDB}.Debug|Any CPU.ActiveCfg = Debug|Any CPU
		{3E4D0E62-49BC-4F91-8717-23143148EDDB}.Debug|Any CPU.Build.0 = Debug|Any CPU
		{3E4D0E62-49BC-4F91-8717-23143148EDDB}.Release|Any CPU.ActiveCfg = Release|Any CPU
		{3E4D0E62-49BC-4F91-8717-23143148EDDB}.Release|Any CPU.Build.0 = Release|Any CPU
		{2D508696-EB64-4168-885A-E0EA96BBD148}.Debug|Any CPU.ActiveCfg = Debug|Any CPU
		{2D508696-EB64-4168-885A-E0EA96BBD148}.Debug|Any CPU.Build.0 = Debug|Any CPU
		{2D508696-EB64-4168-885A-E0EA96BBD148}.Release|Any CPU.ActiveCfg = Release|Any CPU
		{2D508696-EB64-4168-885A-E0EA96BBD148}.Release|Any CPU.Build.0 = Release|Any CPU
		{A73129AF-E7F1-43C3-82D0-AA580CB5D5CB}.Debug|Any CPU.ActiveCfg = Debug|Any CPU
		{A73129AF-E7F1-43C3-82D0-AA580CB5D5CB}.Debug|Any CPU.Build.0 = Debug|Any CPU
		{A73129AF-E7F1-43C3-82D0-AA580CB5D5CB}.Release|Any CPU.ActiveCfg = Release|Any CPU
		{A73129AF-E7F1-43C3-82D0-AA580CB5D5CB}.Release|Any CPU.Build.0 = Release|Any CPU
		{D5A650EE-032F-4EAB-A191-B14819538519}.Debug|Any CPU.ActiveCfg = Debug|Any CPU
		{D5A650EE-032F-4EAB-A191-B14819538519}.Debug|Any CPU.Build.0 = Debug|Any CPU
		{D5A650EE-032F-4EAB-A191-B14819538519}.Release|Any CPU.ActiveCfg = Release|Any CPU
		{D5A650EE-032F-4EAB-A191-B14819538519}.Release|Any CPU.Build.0 = Release|Any CPU
		{E83D1CCA-7748-4B39-9FCD-CDCA6A3A057B}.Debug|Any CPU.ActiveCfg = Debug|Any CPU
		{E83D1CCA-7748-4B39-9FCD-CDCA6A3A057B}.Debug|Any CPU.Build.0 = Debug|Any CPU
		{E83D1CCA-7748-4B39-9FCD-CDCA6A3A057B}.Release|Any CPU.ActiveCfg = Release|Any CPU
		{E83D1CCA-7748-4B39-9FCD-CDCA6A3A057B}.Release|Any CPU.Build.0 = Release|Any CPU
		{7716DF7B-0986-4A2A-A20B-6B703E2825DB}.Debug|Any CPU.ActiveCfg = Debug|Any CPU
		{7716DF7B-0986-4A2A-A20B-6B703E2825DB}.Debug|Any CPU.Build.0 = Debug|Any CPU
		{7716DF7B-0986-4A2A-A20B-6B703E2825DB}.Release|Any CPU.ActiveCfg = Release|Any CPU
		{7716DF7B-0986-4A2A-A20B-6B703E2825DB}.Release|Any CPU.Build.0 = Release|Any CPU
		{98D1B1EC-BCB6-4615-B274-5FFE3A2388B5}.Debug|Any CPU.ActiveCfg = Debug|Any CPU
		{98D1B1EC-BCB6-4615-B274-5FFE3A2388B5}.Debug|Any CPU.Build.0 = Debug|Any CPU
		{98D1B1EC-BCB6-4615-B274-5FFE3A2388B5}.Release|Any CPU.ActiveCfg = Release|Any CPU
		{98D1B1EC-BCB6-4615-B274-5FFE3A2388B5}.Release|Any CPU.Build.0 = Release|Any CPU
		{AD9504A4-9AC9-4FDD-9170-43DD7C6376DF}.Debug|Any CPU.ActiveCfg = Debug|Any CPU
		{AD9504A4-9AC9-4FDD-9170-43DD7C6376DF}.Debug|Any CPU.Build.0 = Debug|Any CPU
		{AD9504A4-9AC9-4FDD-9170-43DD7C6376DF}.Release|Any CPU.ActiveCfg = Release|Any CPU
		{AD9504A4-9AC9-4FDD-9170-43DD7C6376DF}.Release|Any CPU.Build.0 = Release|Any CPU
		{277A92CB-5EBF-4B46-931A-45164D22216E}.Debug|Any CPU.ActiveCfg = Debug|Any CPU
		{277A92CB-5EBF-4B46-931A-45164D22216E}.Debug|Any CPU.Build.0 = Debug|Any CPU
		{277A92CB-5EBF-4B46-931A-45164D22216E}.Release|Any CPU.ActiveCfg = Release|Any CPU
		{277A92CB-5EBF-4B46-931A-45164D22216E}.Release|Any CPU.Build.0 = Release|Any CPU
		{7358BF8D-9D4E-4DC4-A6AF-FF728DACF4D4}.Debug|Any CPU.ActiveCfg = Debug|Any CPU
		{7358BF8D-9D4E-4DC4-A6AF-FF728DACF4D4}.Debug|Any CPU.Build.0 = Debug|Any CPU
		{7358BF8D-9D4E-4DC4-A6AF-FF728DACF4D4}.Release|Any CPU.ActiveCfg = Release|Any CPU
		{7358BF8D-9D4E-4DC4-A6AF-FF728DACF4D4}.Release|Any CPU.Build.0 = Release|Any CPU
		{2FAC2B72-FE3E-43FC-9298-091B2305482F}.Debug|Any CPU.ActiveCfg = Debug|Any CPU
		{2FAC2B72-FE3E-43FC-9298-091B2305482F}.Debug|Any CPU.Build.0 = Debug|Any CPU
		{2FAC2B72-FE3E-43FC-9298-091B2305482F}.Release|Any CPU.ActiveCfg = Release|Any CPU
		{2FAC2B72-FE3E-43FC-9298-091B2305482F}.Release|Any CPU.Build.0 = Release|Any CPU
		{A57BB5FC-EF89-4300-AFFE-76A99F453546}.Debug|Any CPU.ActiveCfg = Debug|Any CPU
		{A57BB5FC-EF89-4300-AFFE-76A99F453546}.Debug|Any CPU.Build.0 = Debug|Any CPU
		{A57BB5FC-EF89-4300-AFFE-76A99F453546}.Release|Any CPU.ActiveCfg = Release|Any CPU
		{A57BB5FC-EF89-4300-AFFE-76A99F453546}.Release|Any CPU.Build.0 = Release|Any CPU
	EndGlobalSection
	GlobalSection(SolutionProperties) = preSolution
		HideSolutionNode = FALSE
	EndGlobalSection
EndGlobal
